
Microsoft Visual Studio Solution File, Format Version 12.00
# Visual Studio Version 17
VisualStudioVersion = 17.4.33110.190
MinimumVisualStudioVersion = 10.0.40219.1
Project("{888888A0-9F3D-457C-B088-3A5042F75D52}") = "Todo", "Todo\Todo.pyproj", "{C9EADB48-9B47-4F28-87C4-62C0133FC163}"
EndProject
Global
	GlobalSection(SolutionConfigurationPlatforms) = preSolution
		Debug|Any CPU = Debug|Any CPU
		Release|Any CPU = Release|Any CPU
	EndGlobalSection
	GlobalSection(ProjectConfigurationPlatforms) = postSolution
		{C9EADB48-9B47-4F28-87C4-62C0133FC163}.Debug|Any CPU.ActiveCfg = Debug|Any CPU
		{C9EADB48-9B47-4F28-87C4-62C0133FC163}.Debug|Any CPU.Build.0 = Debug|Any CPU
		{C9EADB48-9B47-4F28-87C4-62C0133FC163}.Release|Any CPU.ActiveCfg = Release|Any CPU
		{C9EADB48-9B47-4F28-87C4-62C0133FC163}.Release|Any CPU.Build.0 = Release|Any CPU
	EndGlobalSection
	GlobalSection(SolutionProperties) = preSolution
		HideSolutionNode = FALSE
	EndGlobalSection
	GlobalSection(ExtensibilityGlobals) = postSolution
		SolutionGuid = {0EF45C60-95BC-4F62-BC7E-97A9C43776FD}
	EndGlobalSection
EndGlobal
